// !$*UTF8*$!
{
	archiveVersion = 1;
	classes = {
	};
	objectVersion = 50;
	objects = {

/* Begin PBXBuildFile section */
		4A3BB7A426EBFD3300925922 /* AppDelegate.swift in Sources */ = {isa = PBXBuildFile; fileRef = 4A3BB7A326EBFD3300925922 /* AppDelegate.swift */; };
		4A3BB7A626EBFD3300925922 /* SceneDelegate.swift in Sources */ = {isa = PBXBuildFile; fileRef = 4A3BB7A526EBFD3300925922 /* SceneDelegate.swift */; };
		4A3BB7A826EBFD3300925922 /* RecordSoundViewController.swift in Sources */ = {isa = PBXBuildFile; fileRef = 4A3BB7A726EBFD3300925922 /* RecordSoundViewController.swift */; };
		4A3BB7AB26EBFD3300925922 /* Main.storyboard in Resources */ = {isa = PBXBuildFile; fileRef = 4A3BB7A926EBFD3300925922 /* Main.storyboard */; };
		4A3BB7AE26EBFD3300925922 /* PitchPerfect.xcdatamodeld in Sources */ = {isa = PBXBuildFile; fileRef = 4A3BB7AC26EBFD3300925922 /* PitchPerfect.xcdatamodeld */; };
		4A3BB7B026EBFD3400925922 /* Assets.xcassets in Resources */ = {isa = PBXBuildFile; fileRef = 4A3BB7AF26EBFD3400925922 /* Assets.xcassets */; };
		4A3BB7B326EBFD3400925922 /* LaunchScreen.storyboard in Resources */ = {isa = PBXBuildFile; fileRef = 4A3BB7B126EBFD3400925922 /* LaunchScreen.storyboard */; };
		4A3BB7BE26EBFD3400925922 /* PitchPerfectTests.swift in Sources */ = {isa = PBXBuildFile; fileRef = 4A3BB7BD26EBFD3400925922 /* PitchPerfectTests.swift */; };
		4A3BB7C926EBFD3400925922 /* PitchPerfectUITests.swift in Sources */ = {isa = PBXBuildFile; fileRef = 4A3BB7C826EBFD3400925922 /* PitchPerfectUITests.swift */; };
		4A52178626EC7C4200F4B228 /* PlaySoundViewController.swift in Sources */ = {isa = PBXBuildFile; fileRef = 4A52178526EC7C4200F4B228 /* PlaySoundViewController.swift */; };
		4A52178B26EC868E00F4B228 /* PlaySound+AudioViewController.swift in Sources */ = {isa = PBXBuildFile; fileRef = 4A52178A26EC868E00F4B228 /* PlaySound+AudioViewController.swift */; };
		4A52179426ECAF0B00F4B228 /* Alerts.swift in Sources */ = {isa = PBXBuildFile; fileRef = 4A52179326ECAF0B00F4B228 /* Alerts.swift */; };
/* End PBXBuildFile section */

/* Begin PBXContainerItemProxy section */
		4A3BB7BA26EBFD3400925922 /* PBXContainerItemProxy */ = {
			isa = PBXContainerItemProxy;
			containerPortal = 4A3BB79826EBFD3300925922 /* Project object */;
			proxyType = 1;
			remoteGlobalIDString = 4A3BB79F26EBFD3300925922;
			remoteInfo = PitchPerfect;
		};
		4A3BB7C526EBFD3400925922 /* PBXContainerItemProxy */ = {
			isa = PBXContainerItemProxy;
			containerPortal = 4A3BB79826EBFD3300925922 /* Project object */;
			proxyType = 1;
			remoteGlobalIDString = 4A3BB79F26EBFD3300925922;
			remoteInfo = PitchPerfect;
		};
/* End PBXContainerItemProxy section */

/* Begin PBXFileReference section */
		4A3BB7A026EBFD3300925922 /* PitchPerfect.app */ = {isa = PBXFileReference; explicitFileType = wrapper.application; includeInIndex = 0; path = PitchPerfect.app; sourceTree = BUILT_PRODUCTS_DIR; };
		4A3BB7A326EBFD3300925922 /* AppDelegate.swift */ = {isa = PBXFileReference; lastKnownFileType = sourcecode.swift; path = AppDelegate.swift; sourceTree = "<group>"; };
		4A3BB7A526EBFD3300925922 /* SceneDelegate.swift */ = {isa = PBXFileReference; lastKnownFileType = sourcecode.swift; path = SceneDelegate.swift; sourceTree = "<group>"; };
		4A3BB7A726EBFD3300925922 /* RecordSoundViewController.swift */ = {isa = PBXFileReference; lastKnownFileType = sourcecode.swift; path = RecordSoundViewController.swift; sourceTree = "<group>"; };
		4A3BB7AA26EBFD3300925922 /* Base */ = {isa = PBXFileReference; lastKnownFileType = file.storyboard; name = Base; path = Base.lproj/Main.storyboard; sourceTree = "<group>"; };
		4A3BB7AD26EBFD3300925922 /* PitchPerfect.xcdatamodel */ = {isa = PBXFileReference; lastKnownFileType = wrapper.xcdatamodel; path = PitchPerfect.xcdatamodel; sourceTree = "<group>"; };
		4A3BB7AF26EBFD3400925922 /* Assets.xcassets */ = {isa = PBXFileReference; lastKnownFileType = folder.assetcatalog; path = Assets.xcassets; sourceTree = "<group>"; };
		4A3BB7B226EBFD3400925922 /* Base */ = {isa = PBXFileReference; lastKnownFileType = file.storyboard; name = Base; path = Base.lproj/LaunchScreen.storyboard; sourceTree = "<group>"; };
		4A3BB7B426EBFD3400925922 /* Info.plist */ = {isa = PBXFileReference; lastKnownFileType = text.plist.xml; path = Info.plist; sourceTree = "<group>"; };
		4A3BB7B926EBFD3400925922 /* PitchPerfectTests.xctest */ = {isa = PBXFileReference; explicitFileType = wrapper.cfbundle; includeInIndex = 0; path = PitchPerfectTests.xctest; sourceTree = BUILT_PRODUCTS_DIR; };
		4A3BB7BD26EBFD3400925922 /* PitchPerfectTests.swift */ = {isa = PBXFileReference; lastKnownFileType = sourcecode.swift; path = PitchPerfectTests.swift; sourceTree = "<group>"; };
		4A3BB7BF26EBFD3400925922 /* Info.plist */ = {isa = PBXFileReference; lastKnownFileType = text.plist.xml; path = Info.plist; sourceTree = "<group>"; };
		4A3BB7C426EBFD3400925922 /* PitchPerfectUITests.xctest */ = {isa = PBXFileReference; explicitFileType = wrapper.cfbundle; includeInIndex = 0; path = PitchPerfectUITests.xctest; sourceTree = BUILT_PRODUCTS_DIR; };
		4A3BB7C826EBFD3400925922 /* PitchPerfectUITests.swift */ = {isa = PBXFileReference; lastKnownFileType = sourcecode.swift; path = PitchPerfectUITests.swift; sourceTree = "<group>"; };
		4A3BB7CA26EBFD3400925922 /* Info.plist */ = {isa = PBXFileReference; lastKnownFileType = text.plist.xml; path = Info.plist; sourceTree = "<group>"; };
		4A52178526EC7C4200F4B228 /* PlaySoundViewController.swift */ = {isa = PBXFileReference; lastKnownFileType = sourcecode.swift; path = PlaySoundViewController.swift; sourceTree = "<group>"; };
		4A52178A26EC868E00F4B228 /* PlaySound+AudioViewController.swift */ = {isa = PBXFileReference; lastKnownFileType = sourcecode.swift; path = "PlaySound+AudioViewController.swift"; sourceTree = "<group>"; };
		4A52179326ECAF0B00F4B228 /* Alerts.swift */ = {isa = PBXFileReference; lastKnownFileType = sourcecode.swift; path = Alerts.swift; sourceTree = "<group>"; };
/* End PBXFileReference section */

/* Begin PBXFrameworksBuildPhase section */
		4A3BB79D26EBFD3300925922 /* Frameworks */ = {
			isa = PBXFrameworksBuildPhase;
			buildActionMask = 2147483647;
			files = (
			);
			runOnlyForDeploymentPostprocessing = 0;
		};
		4A3BB7B626EBFD3400925922 /* Frameworks */ = {
			isa = PBXFrameworksBuildPhase;
			buildActionMask = 2147483647;
			files = (
			);
			runOnlyForDeploymentPostprocessing = 0;
		};
		4A3BB7C126EBFD3400925922 /* Frameworks */ = {
			isa = PBXFrameworksBuildPhase;
			buildActionMask = 2147483647;
			files = (
			);
			runOnlyForDeploymentPostprocessing = 0;
		};
/* End PBXFrameworksBuildPhase section */

/* Begin PBXGroup section */
		4A3BB79726EBFD3300925922 = {
			isa = PBXGroup;
			children = (
				4A3BB7A226EBFD3300925922 /* PitchPerfect */,
				4A3BB7BC26EBFD3400925922 /* PitchPerfectTests */,
				4A3BB7C726EBFD3400925922 /* PitchPerfectUITests */,
				4A3BB7A126EBFD3300925922 /* Products */,
			);
			sourceTree = "<group>";
		};
		4A3BB7A126EBFD3300925922 /* Products */ = {
			isa = PBXGroup;
			children = (
				4A3BB7A026EBFD3300925922 /* PitchPerfect.app */,
				4A3BB7B926EBFD3400925922 /* PitchPerfectTests.xctest */,
				4A3BB7C426EBFD3400925922 /* PitchPerfectUITests.xctest */,
			);
			name = Products;
			sourceTree = "<group>";
		};
		4A3BB7A226EBFD3300925922 /* PitchPerfect */ = {
			isa = PBXGroup;
			children = (
				4A3BB7A526EBFD3300925922 /* SceneDelegate.swift */,
				4A3BB7A326EBFD3300925922 /* AppDelegate.swift */,
				4A79386326EDF443002AAF86 /* Extensions */,
				4A52178F26ECAEB100F4B228 /* MVC */,
				4A3BB7AF26EBFD3400925922 /* Assets.xcassets */,
				4A52178A26EC868E00F4B228 /* PlaySound+AudioViewController.swift */,
				4A3BB7B426EBFD3400925922 /* Info.plist */,
				4A3BB7AC26EBFD3300925922 /* PitchPerfect.xcdatamodeld */,
			);
			path = PitchPerfect;
			sourceTree = "<group>";
		};
		4A3BB7BC26EBFD3400925922 /* PitchPerfectTests */ = {
			isa = PBXGroup;
			children = (
				4A3BB7BD26EBFD3400925922 /* PitchPerfectTests.swift */,
				4A3BB7BF26EBFD3400925922 /* Info.plist */,
			);
			path = PitchPerfectTests;
			sourceTree = "<group>";
		};
		4A3BB7C726EBFD3400925922 /* PitchPerfectUITests */ = {
			isa = PBXGroup;
			children = (
				4A3BB7C826EBFD3400925922 /* PitchPerfectUITests.swift */,
				4A3BB7CA26EBFD3400925922 /* Info.plist */,
			);
			path = PitchPerfectUITests;
			sourceTree = "<group>";
		};
		4A52178F26ECAEB100F4B228 /* MVC */ = {
			isa = PBXGroup;
			children = (
				4A52179226ECAED000F4B228 /* Controller */,
				4A52179126ECAEC900F4B228 /* View */,
				4A52179026ECAEC200F4B228 /* Model */,
			);
			path = MVC;
			sourceTree = "<group>";
		};
		4A52179026ECAEC200F4B228 /* Model */ = {
			isa = PBXGroup;
			children = (
				4A52179326ECAF0B00F4B228 /* Alerts.swift */,
			);
			path = Model;
			sourceTree = "<group>";
		};
		4A52179126ECAEC900F4B228 /* View */ = {
			isa = PBXGroup;
			children = (
				4A3BB7B126EBFD3400925922 /* LaunchScreen.storyboard */,
				4A3BB7A926EBFD3300925922 /* Main.storyboard */,
			);
			path = View;
			sourceTree = "<group>";
		};
		4A52179226ECAED000F4B228 /* Controller */ = {
			isa = PBXGroup;
			children = (
				4A52178526EC7C4200F4B228 /* PlaySoundViewController.swift */,
				4A3BB7A726EBFD3300925922 /* RecordSoundViewController.swift */,
			);
			path = Controller;
			sourceTree = "<group>";
		};
		4A79386326EDF443002AAF86 /* Extensions */ = {
			isa = PBXGroup;
			children = (
			);
			path = Extensions;
			sourceTree = "<group>";
		};
/* End PBXGroup section */

/* Begin PBXNativeTarget section */
		4A3BB79F26EBFD3300925922 /* PitchPerfect */ = {
			isa = PBXNativeTarget;
			buildConfigurationList = 4A3BB7CD26EBFD3400925922 /* Build configuration list for PBXNativeTarget "PitchPerfect" */;
			buildPhases = (
				4A3BB79C26EBFD3300925922 /* Sources */,
				4A3BB79D26EBFD3300925922 /* Frameworks */,
				4A3BB79E26EBFD3300925922 /* Resources */,
			);
			buildRules = (
			);
			dependencies = (
			);
			name = PitchPerfect;
			productName = PitchPerfect;
			productReference = 4A3BB7A026EBFD3300925922 /* PitchPerfect.app */;
			productType = "com.apple.product-type.application";
		};
		4A3BB7B826EBFD3400925922 /* PitchPerfectTests */ = {
			isa = PBXNativeTarget;
			buildConfigurationList = 4A3BB7D026EBFD3400925922 /* Build configuration list for PBXNativeTarget "PitchPerfectTests" */;
			buildPhases = (
				4A3BB7B526EBFD3400925922 /* Sources */,
				4A3BB7B626EBFD3400925922 /* Frameworks */,
				4A3BB7B726EBFD3400925922 /* Resources */,
			);
			buildRules = (
			);
			dependencies = (
				4A3BB7BB26EBFD3400925922 /* PBXTargetDependency */,
			);
			name = PitchPerfectTests;
			productName = PitchPerfectTests;
			productReference = 4A3BB7B926EBFD3400925922 /* PitchPerfectTests.xctest */;
			productType = "com.apple.product-type.bundle.unit-test";
		};
		4A3BB7C326EBFD3400925922 /* PitchPerfectUITests */ = {
			isa = PBXNativeTarget;
			buildConfigurationList = 4A3BB7D326EBFD3400925922 /* Build configuration list for PBXNativeTarget "PitchPerfectUITests" */;
			buildPhases = (
				4A3BB7C026EBFD3400925922 /* Sources */,
				4A3BB7C126EBFD3400925922 /* Frameworks */,
				4A3BB7C226EBFD3400925922 /* Resources */,
			);
			buildRules = (
			);
			dependencies = (
				4A3BB7C626EBFD3400925922 /* PBXTargetDependency */,
			);
			name = PitchPerfectUITests;
			productName = PitchPerfectUITests;
			productReference = 4A3BB7C426EBFD3400925922 /* PitchPerfectUITests.xctest */;
			productType = "com.apple.product-type.bundle.ui-testing";
		};
/* End PBXNativeTarget section */

/* Begin PBXProject section */
		4A3BB79826EBFD3300925922 /* Project object */ = {
			isa = PBXProject;
			attributes = {
				LastSwiftUpdateCheck = 1200;
				LastUpgradeCheck = 1200;
				TargetAttributes = {
					4A3BB79F26EBFD3300925922 = {
						CreatedOnToolsVersion = 12.0.1;
					};
					4A3BB7B826EBFD3400925922 = {
						CreatedOnToolsVersion = 12.0.1;
						TestTargetID = 4A3BB79F26EBFD3300925922;
					};
					4A3BB7C326EBFD3400925922 = {
						CreatedOnToolsVersion = 12.0.1;
						TestTargetID = 4A3BB79F26EBFD3300925922;
					};
				};
			};
			buildConfigurationList = 4A3BB79B26EBFD3300925922 /* Build configuration list for PBXProject "PitchPerfect" */;
			compatibilityVersion = "Xcode 9.3";
			developmentRegion = en;
			hasScannedForEncodings = 0;
			knownRegions = (
				en,
				Base,
			);
			mainGroup = 4A3BB79726EBFD3300925922;
			productRefGroup = 4A3BB7A126EBFD3300925922 /* Products */;
			projectDirPath = "";
			projectRoot = "";
			targets = (
				4A3BB79F26EBFD3300925922 /* PitchPerfect */,
				4A3BB7B826EBFD3400925922 /* PitchPerfectTests */,
				4A3BB7C326EBFD3400925922 /* PitchPerfectUITests */,
			);
		};
/* End PBXProject section */

/* Begin PBXResourcesBuildPhase section */
		4A3BB79E26EBFD3300925922 /* Resources */ = {
			isa = PBXResourcesBuildPhase;
			buildActionMask = 2147483647;
			files = (
				4A3BB7B326EBFD3400925922 /* LaunchScreen.storyboard in Resources */,
				4A3BB7B026EBFD3400925922 /* Assets.xcassets in Resources */,
				4A3BB7AB26EBFD3300925922 /* Main.storyboard in Resources */,
			);
			runOnlyForDeploymentPostprocessing = 0;
		};
		4A3BB7B726EBFD3400925922 /* Resources */ = {
			isa = PBXResourcesBuildPhase;
			buildActionMask = 2147483647;
			files = (
			);
			runOnlyForDeploymentPostprocessing = 0;
		};
		4A3BB7C226EBFD3400925922 /* Resources */ = {
			isa = PBXResourcesBuildPhase;
			buildActionMask = 2147483647;
			files = (
			);
			runOnlyForDeploymentPostprocessing = 0;
		};
/* End PBXResourcesBuildPhase section */

/* Begin PBXSourcesBuildPhase section */
		4A3BB79C26EBFD3300925922 /* Sources */ = {
			isa = PBXSourcesBuildPhase;
			buildActionMask = 2147483647;
			files = (
				4A3BB7A826EBFD3300925922 /* RecordSoundViewController.swift in Sources */,
				4A52178B26EC868E00F4B228 /* PlaySound+AudioViewController.swift in Sources */,
				4A52178626EC7C4200F4B228 /* PlaySoundViewController.swift in Sources */,
				4A3BB7A426EBFD3300925922 /* AppDelegate.swift in Sources */,
				4A3BB7AE26EBFD3300925922 /* PitchPerfect.xcdatamodeld in Sources */,
				4A52179426ECAF0B00F4B228 /* Alerts.swift in Sources */,
				4A3BB7A626EBFD3300925922 /* SceneDelegate.swift in Sources */,
			);
			runOnlyForDeploymentPostprocessing = 0;
		};
		4A3BB7B526EBFD3400925922 /* Sources */ = {
			isa = PBXSourcesBuildPhase;
			buildActionMask = 2147483647;
			files = (
				4A3BB7BE26EBFD3400925922 /* PitchPerfectTests.swift in Sources */,
			);
			runOnlyForDeploymentPostprocessing = 0;
		};
		4A3BB7C026EBFD3400925922 /* Sources */ = {
			isa = PBXSourcesBuildPhase;
			buildActionMask = 2147483647;
			files = (
				4A3BB7C926EBFD3400925922 /* PitchPerfectUITests.swift in Sources */,
			);
			runOnlyForDeploymentPostprocessing = 0;
		};
/* End PBXSourcesBuildPhase section */

/* Begin PBXTargetDependency section */
		4A3BB7BB26EBFD3400925922 /* PBXTargetDependency */ = {
			isa = PBXTargetDependency;
			target = 4A3BB79F26EBFD3300925922 /* PitchPerfect */;
			targetProxy = 4A3BB7BA26EBFD3400925922 /* PBXContainerItemProxy */;
		};
		4A3BB7C626EBFD3400925922 /* PBXTargetDependency */ = {
			isa = PBXTargetDependency;
			target = 4A3BB79F26EBFD3300925922 /* PitchPerfect */;
			targetProxy = 4A3BB7C526EBFD3400925922 /* PBXContainerItemProxy */;
		};
/* End PBXTargetDependency section */

/* Begin PBXVariantGroup section */
		4A3BB7A926EBFD3300925922 /* Main.storyboard */ = {
			isa = PBXVariantGroup;
			children = (
				4A3BB7AA26EBFD3300925922 /* Base */,
			);
			name = Main.storyboard;
			sourceTree = "<group>";
		};
		4A3BB7B126EBFD3400925922 /* LaunchScreen.storyboard */ = {
			isa = PBXVariantGroup;
			children = (
				4A3BB7B226EBFD3400925922 /* Base */,
			);
			name = LaunchScreen.storyboard;
			sourceTree = "<group>";
		};
/* End PBXVariantGroup section */

/* Begin XCBuildConfiguration section */
		4A3BB7CB26EBFD3400925922 /* Debug */ = {
			isa = XCBuildConfiguration;
			buildSettings = {
				ALWAYS_SEARCH_USER_PATHS = NO;
				CLANG_ANALYZER_NONNULL = YES;
				CLANG_ANALYZER_NUMBER_OBJECT_CONVERSION = YES_AGGRESSIVE;
				CLANG_CXX_LANGUAGE_STANDARD = "gnu++14";
				CLANG_CXX_LIBRARY = "libc++";
				CLANG_ENABLE_MODULES = YES;
				CLANG_ENABLE_OBJC_ARC = YES;
				CLANG_ENABLE_OBJC_WEAK = YES;
				CLANG_WARN_BLOCK_CAPTURE_AUTORELEASING = YES;
				CLANG_WARN_BOOL_CONVERSION = YES;
				CLANG_WARN_COMMA = YES;
				CLANG_WARN_CONSTANT_CONVERSION = YES;
				CLANG_WARN_DEPRECATED_OBJC_IMPLEMENTATIONS = YES;
				CLANG_WARN_DIRECT_OBJC_ISA_USAGE = YES_ERROR;
				CLANG_WARN_DOCUMENTATION_COMMENTS = YES;
				CLANG_WARN_EMPTY_BODY = YES;
				CLANG_WARN_ENUM_CONVERSION = YES;
				CLANG_WARN_INFINITE_RECURSION = YES;
				CLANG_WARN_INT_CONVERSION = YES;
				CLANG_WARN_NON_LITERAL_NULL_CONVERSION = YES;
				CLANG_WARN_OBJC_IMPLICIT_RETAIN_SELF = YES;
				CLANG_WARN_OBJC_LITERAL_CONVERSION = YES;
				CLANG_WARN_OBJC_ROOT_CLASS = YES_ERROR;
				CLANG_WARN_QUOTED_INCLUDE_IN_FRAMEWORK_HEADER = YES;
				CLANG_WARN_RANGE_LOOP_ANALYSIS = YES;
				CLANG_WARN_STRICT_PROTOTYPES = YES;
				CLANG_WARN_SUSPICIOUS_MOVE = YES;
				CLANG_WARN_UNGUARDED_AVAILABILITY = YES_AGGRESSIVE;
				CLANG_WARN_UNREACHABLE_CODE = YES;
				CLANG_WARN__DUPLICATE_METHOD_MATCH = YES;
				COPY_PHASE_STRIP = NO;
				DEBUG_INFORMATION_FORMAT = dwarf;
				ENABLE_STRICT_OBJC_MSGSEND = YES;
				ENABLE_TESTABILITY = YES;
				GCC_C_LANGUAGE_STANDARD = gnu11;
				GCC_DYNAMIC_NO_PIC = NO;
				GCC_NO_COMMON_BLOCKS = YES;
				GCC_OPTIMIZATION_LEVEL = 0;
				GCC_PREPROCESSOR_DEFINITIONS = (
					"DEBUG=1",
					"$(inherited)",
				);
				GCC_WARN_64_TO_32_BIT_CONVERSION = YES;
				GCC_WARN_ABOUT_RETURN_TYPE = YES_ERROR;
				GCC_WARN_UNDECLARED_SELECTOR = YES;
				GCC_WARN_UNINITIALIZED_AUTOS = YES_AGGRESSIVE;
				GCC_WARN_UNUSED_FUNCTION = YES;
				GCC_WARN_UNUSED_VARIABLE = YES;
				IPHONEOS_DEPLOYMENT_TARGET = 14.0;
				MTL_ENABLE_DEBUG_INFO = INCLUDE_SOURCE;
				MTL_FAST_MATH = YES;
				ONLY_ACTIVE_ARCH = YES;
				SDKROOT = iphoneos;
				SWIFT_ACTIVE_COMPILATION_CONDITIONS = DEBUG;
				SWIFT_OPTIMIZATION_LEVEL = "-Onone";
			};
			name = Debug;
		};
		4A3BB7CC26EBFD3400925922 /* Release */ = {
			isa = XCBuildConfiguration;
			buildSettings = {
				ALWAYS_SEARCH_USER_PATHS = NO;
				CLANG_ANALYZER_NONNULL = YES;
				CLANG_ANALYZER_NUMBER_OBJECT_CONVERSION = YES_AGGRESSIVE;
				CLANG_CXX_LANGUAGE_STANDARD = "gnu++14";
				CLANG_CXX_LIBRARY = "libc++";
				CLANG_ENABLE_MODULES = YES;
				CLANG_ENABLE_OBJC_ARC = YES;
				CLANG_ENABLE_OBJC_WEAK = YES;
				CLANG_WARN_BLOCK_CAPTURE_AUTORELEASING = YES;
				CLANG_WARN_BOOL_CONVERSION = YES;
				CLANG_WARN_COMMA = YES;
				CLANG_WARN_CONSTANT_CONVERSION = YES;
				CLANG_WARN_DEPRECATED_OBJC_IMPLEMENTATIONS = YES;
				CLANG_WARN_DIRECT_OBJC_ISA_USAGE = YES_ERROR;
				CLANG_WARN_DOCUMENTATION_COMMENTS = YES;
				CLANG_WARN_EMPTY_BODY = YES;
				CLANG_WARN_ENUM_CONVERSION = YES;
				CLANG_WARN_INFINITE_RECURSION = YES;
				CLANG_WARN_INT_CONVERSION = YES;
				CLANG_WARN_NON_LITERAL_NULL_CONVERSION = YES;
				CLANG_WARN_OBJC_IMPLICIT_RETAIN_SELF = YES;
				CLANG_WARN_OBJC_LITERAL_CONVERSION = YES;
				CLANG_WARN_OBJC_ROOT_CLASS = YES_ERROR;
				CLANG_WARN_QUOTED_INCLUDE_IN_FRAMEWORK_HEADER = YES;
				CLANG_WARN_RANGE_LOOP_ANALYSIS = YES;
				CLANG_WARN_STRICT_PROTOTYPES = YES;
				CLANG_WARN_SUSPICIOUS_MOVE = YES;
				CLANG_WARN_UNGUARDED_AVAILABILITY = YES_AGGRESSIVE;
				CLANG_WARN_UNREACHABLE_CODE = YES;
				CLANG_WARN__DUPLICATE_METHOD_MATCH = YES;
				COPY_PHASE_STRIP = NO;
				DEBUG_INFORMATION_FORMAT = "dwarf-with-dsym";
				ENABLE_NS_ASSERTIONS = NO;
				ENABLE_STRICT_OBJC_MSGSEND = YES;
				GCC_C_LANGUAGE_STANDARD = gnu11;
				GCC_NO_COMMON_BLOCKS = YES;
				GCC_WARN_64_TO_32_BIT_CONVERSION = YES;
				GCC_WARN_ABOUT_RETURN_TYPE = YES_ERROR;
				GCC_WARN_UNDECLARED_SELECTOR = YES;
				GCC_WARN_UNINITIALIZED_AUTOS = YES_AGGRESSIVE;
				GCC_WARN_UNUSED_FUNCTION = YES;
				GCC_WARN_UNUSED_VARIABLE = YES;
				IPHONEOS_DEPLOYMENT_TARGET = 14.0;
				MTL_ENABLE_DEBUG_INFO = NO;
				MTL_FAST_MATH = YES;
				SDKROOT = iphoneos;
				SWIFT_COMPILATION_MODE = wholemodule;
				SWIFT_OPTIMIZATION_LEVEL = "-O";
				VALIDATE_PRODUCT = YES;
			};
			name = Release;
		};
		4A3BB7CE26EBFD3400925922 /* Debug */ = {
			isa = XCBuildConfiguration;
			buildSettings = {
				ASSETCATALOG_COMPILER_APPICON_NAME = AppIcon;
				ASSETCATALOG_COMPILER_GLOBAL_ACCENT_COLOR_NAME = AccentColor;
				CODE_SIGN_STYLE = Automatic;
				DEVELOPMENT_TEAM = V6EW4588HN;
				INFOPLIST_FILE = PitchPerfect/Info.plist;
				LD_RUNPATH_SEARCH_PATHS = (
					"$(inherited)",
					"@executable_path/Frameworks",
				);
				PRODUCT_BUNDLE_IDENTIFIER = com.Ezzat.PitchPerfect;
				PRODUCT_NAME = "$(TARGET_NAME)";
				SWIFT_VERSION = 5.0;
				TARGETED_DEVICE_FAMILY = "1,2";
			};
			name = Debug;
		};
		4A3BB7CF26EBFD3400925922 /* Release */ = {
			isa = XCBuildConfiguration;
			buildSettings = {
				ASSETCATALOG_COMPILER_APPICON_NAME = AppIcon;
				ASSETCATALOG_COMPILER_GLOBAL_ACCENT_COLOR_NAME = AccentColor;
				CODE_SIGN_STYLE = Automatic;
				DEVELOPMENT_TEAM = V6EW4588HN;
				INFOPLIST_FILE = PitchPerfect/Info.plist;
				LD_RUNPATH_SEARCH_PATHS = (
					"$(inherited)",
					"@executable_path/Frameworks",
				);
				PRODUCT_BUNDLE_IDENTIFIER = com.Ezzat.PitchPerfect;
				PRODUCT_NAME = "$(TARGET_NAME)";
				SWIFT_VERSION = 5.0;
				TARGETED_DEVICE_FAMILY = "1,2";
			};
			name = Release;
		};
		4A3BB7D126EBFD3400925922 /* Debug */ = {
			isa = XCBuildConfiguration;
			buildSettings = {
				ALWAYS_EMBED_SWIFT_STANDARD_LIBRARIES = YES;
				BUNDLE_LOADER = "$(TEST_HOST)";
				CODE_SIGN_STYLE = Automatic;
				DEVELOPMENT_TEAM = V6EW4588HN;
				INFOPLIST_FILE = PitchPerfectTests/Info.plist;
				IPHONEOS_DEPLOYMENT_TARGET = 14.0;
				LD_RUNPATH_SEARCH_PATHS = (
					"$(inherited)",
					"@executable_path/Frameworks",
					"@loader_path/Frameworks",
				);
				PRODUCT_BUNDLE_IDENTIFIER = com.Ezzat.PitchPerfectTests;
				PRODUCT_NAME = "$(TARGET_NAME)";
				SWIFT_VERSION = 5.0;
				TARGETED_DEVICE_FAMILY = "1,2";
				TEST_HOST = "$(BUILT_PRODUCTS_DIR)/PitchPerfect.app/PitchPerfect";
			};
			name = Debug;
		};
		4A3BB7D226EBFD3400925922 /* Release */ = {
			isa = XCBuildConfiguration;
			buildSettings = {
				ALWAYS_EMBED_SWIFT_STANDARD_LIBRARIES = YES;
				BUNDLE_LOADER = "$(TEST_HOST)";
				CODE_SIGN_STYLE = Automatic;
				DEVELOPMENT_TEAM = V6EW4588HN;
				INFOPLIST_FILE = PitchPerfectTests/Info.plist;
				IPHONEOS_DEPLOYMENT_TARGET = 14.0;
				LD_RUNPATH_SEARCH_PATHS = (
					"$(inherited)",
					"@executable_path/Frameworks",
					"@loader_path/Frameworks",
				);
				PRODUCT_BUNDLE_IDENTIFIER = com.Ezzat.PitchPerfectTests;
				PRODUCT_NAME = "$(TARGET_NAME)";
				SWIFT_VERSION = 5.0;
				TARGETED_DEVICE_FAMILY = "1,2";
				TEST_HOST = "$(BUILT_PRODUCTS_DIR)/PitchPerfect.app/PitchPerfect";
			};
			name = Release;
		};
		4A3BB7D426EBFD3400925922 /* Debug */ = {
			isa = XCBuildConfiguration;
			buildSettings = {
				ALWAYS_EMBED_SWIFT_STANDARD_LIBRARIES = YES;
				CODE_SIGN_STYLE = Automatic;
				DEVELOPMENT_TEAM = V6EW4588HN;
				INFOPLIST_FILE = PitchPerfectUITests/Info.plist;
				LD_RUNPATH_SEARCH_PATHS = (
					"$(inherited)",
					"@executable_path/Frameworks",
					"@loader_path/Frameworks",
				);
				PRODUCT_BUNDLE_IDENTIFIER = com.Ezzat.PitchPerfectUITests;
				PRODUCT_NAME = "$(TARGET_NAME)";
				SWIFT_VERSION = 5.0;
				TARGETED_DEVICE_FAMILY = "1,2";
				TEST_TARGET_NAME = PitchPerfect;
			};
			name = Debug;
		};
		4A3BB7D526EBFD3400925922 /* Release */ = {
			isa = XCBuildConfiguration;
			buildSettings = {
				ALWAYS_EMBED_SWIFT_STANDARD_LIBRARIES = YES;
				CODE_SIGN_STYLE = Automatic;
				DEVELOPMENT_TEAM = V6EW4588HN;
				INFOPLIST_FILE = PitchPerfectUITests/Info.plist;
				LD_RUNPATH_SEARCH_PATHS = (
					"$(inherited)",
					"@executable_path/Frameworks",
					"@loader_path/Frameworks",
				);
				PRODUCT_BUNDLE_IDENTIFIER = com.Ezzat.PitchPerfectUITests;
				PRODUCT_NAME = "$(TARGET_NAME)";
				SWIFT_VERSION = 5.0;
				TARGETED_DEVICE_FAMILY = "1,2";
				TEST_TARGET_NAME = PitchPerfect;
			};
			name = Release;
		};
/* End XCBuildConfiguration section */

/* Begin XCConfigurationList section */
		4A3BB79B26EBFD3300925922 /* Build configuration list for PBXProject "PitchPerfect" */ = {
			isa = XCConfigurationList;
			buildConfigurations = (
				4A3BB7CB26EBFD3400925922 /* Debug */,
				4A3BB7CC26EBFD3400925922 /* Release */,
			);
			defaultConfigurationIsVisible = 0;
			defaultConfigurationName = Release;
		};
		4A3BB7CD26EBFD3400925922 /* Build configuration list for PBXNativeTarget "PitchPerfect" */ = {
			isa = XCConfigurationList;
			buildConfigurations = (
				4A3BB7CE26EBFD3400925922 /* Debug */,
				4A3BB7CF26EBFD3400925922 /* Release */,
			);
			defaultConfigurationIsVisible = 0;
			defaultConfigurationName = Release;
		};
		4A3BB7D026EBFD3400925922 /* Build configuration list for PBXNativeTarget "PitchPerfectTests" */ = {
			isa = XCConfigurationList;
			buildConfigurations = (
				4A3BB7D126EBFD3400925922 /* Debug */,
				4A3BB7D226EBFD3400925922 /* Release */,
			);
			defaultConfigurationIsVisible = 0;
			defaultConfigurationName = Release;
		};
		4A3BB7D326EBFD3400925922 /* Build configuration list for PBXNativeTarget "PitchPerfectUITests" */ = {
			isa = XCConfigurationList;
			buildConfigurations = (
				4A3BB7D426EBFD3400925922 /* Debug */,
				4A3BB7D526EBFD3400925922 /* Release */,
			);
			defaultConfigurationIsVisible = 0;
			defaultConfigurationName = Release;
		};
/* End XCConfigurationList section */

/* Begin XCVersionGroup section */
		4A3BB7AC26EBFD3300925922 /* PitchPerfect.xcdatamodeld */ = {
			isa = XCVersionGroup;
			children = (
				4A3BB7AD26EBFD3300925922 /* PitchPerfect.xcdatamodel */,
			);
			currentVersion = 4A3BB7AD26EBFD3300925922 /* PitchPerfect.xcdatamodel */;
			path = PitchPerfect.xcdatamodeld;
			sourceTree = "<group>";
			versionGroupType = wrapper.xcdatamodel;
		};
/* End XCVersionGroup section */
	};
	rootObject = 4A3BB79826EBFD3300925922 /* Project object */;
}
